{
  "name": "logger-md",
  "version": "0.0.20",
  "lockfileVersion": 1,
  "requires": true,
  "dependencies": {
    "colors-md": {
      "version": "0.0.2",
      "resolved": "https://registry.npmjs.org/colors-md/-/colors-md-0.0.2.tgz",
      "integrity": "sha512-8Q6CVDUUf3WSO88NUDubvh6gsSakFEAYehxuOhUCczFVQuhFjvu7RNNaKEY6wp6cCAbqJuhmcvmWvcKFpD90Tg=="
    },
    "pad-md": {
      "version": "0.0.2",
      "resolved": "https://registry.npmjs.org/pad-md/-/pad-md-0.0.2.tgz",
      "integrity": "sha512-dsUA/gjO/4FzLiw9nuQd0P7Hla9nwuflXuNg4ZaGqZr44OLL9vu3p6q4zjWM2wpRGS6FUCyCucGEM1mLXMVROg=="
    }
  }
}
